// !$*UTF8*$!
{
	archiveVersion = 1;
	classes = {
	};
	objectVersion = 46;
	objects = {

/* Begin PBXBuildFile section */
		40DCBFE72B72867E74B9515F /* Pods_Instagram_CS2016Oct.framework in Frameworks */ = {isa = PBXBuildFile; fileRef = C17F129F79451AE9D0F9FDB7 /* Pods_Instagram_CS2016Oct.framework */; };
		99A0E9071DAE610B0070AC84 /* AppDelegate.swift in Sources */ = {isa = PBXBuildFile; fileRef = 99A0E9061DAE610B0070AC84 /* AppDelegate.swift */; };
		99A0E9091DAE610B0070AC84 /* ViewController.swift in Sources */ = {isa = PBXBuildFile; fileRef = 99A0E9081DAE610B0070AC84 /* ViewController.swift */; };
		99A0E90C1DAE610B0070AC84 /* Main.storyboard in Resources */ = {isa = PBXBuildFile; fileRef = 99A0E90A1DAE610B0070AC84 /* Main.storyboard */; };
		99A0E90E1DAE610B0070AC84 /* Assets.xcassets in Resources */ = {isa = PBXBuildFile; fileRef = 99A0E90D1DAE610B0070AC84 /* Assets.xcassets */; };
		99A0E9111DAE610B0070AC84 /* LaunchScreen.storyboard in Resources */ = {isa = PBXBuildFile; fileRef = 99A0E90F1DAE610B0070AC84 /* LaunchScreen.storyboard */; };
/* End PBXBuildFile section */

/* Begin PBXFileReference section */
		99A0E9031DAE610B0070AC84 /* Instagram-CS2016Oct.app */ = {isa = PBXFileReference; explicitFileType = wrapper.application; includeInIndex = 0; path = "Instagram-CS2016Oct.app"; sourceTree = BUILT_PRODUCTS_DIR; };
		99A0E9061DAE610B0070AC84 /* AppDelegate.swift */ = {isa = PBXFileReference; lastKnownFileType = sourcecode.swift; path = AppDelegate.swift; sourceTree = "<group>"; };
		99A0E9081DAE610B0070AC84 /* ViewController.swift */ = {isa = PBXFileReference; lastKnownFileType = sourcecode.swift; path = ViewController.swift; sourceTree = "<group>"; };
		99A0E90B1DAE610B0070AC84 /* Base */ = {isa = PBXFileReference; lastKnownFileType = file.storyboard; name = Base; path = Base.lproj/Main.storyboard; sourceTree = "<group>"; };
		99A0E90D1DAE610B0070AC84 /* Assets.xcassets */ = {isa = PBXFileReference; lastKnownFileType = folder.assetcatalog; path = Assets.xcassets; sourceTree = "<group>"; };
		99A0E9101DAE610B0070AC84 /* Base */ = {isa = PBXFileReference; lastKnownFileType = file.storyboard; name = Base; path = Base.lproj/LaunchScreen.storyboard; sourceTree = "<group>"; };
		99A0E9121DAE610B0070AC84 /* Info.plist */ = {isa = PBXFileReference; lastKnownFileType = text.plist.xml; path = Info.plist; sourceTree = "<group>"; };
		A2EEA338E82D32BE42CB1538 /* Pods-Instagram-CS2016Oct.debug.xcconfig */ = {isa = PBXFileReference; includeInIndex = 1; lastKnownFileType = text.xcconfig; name = "Pods-Instagram-CS2016Oct.debug.xcconfig"; path = "Pods/Target Support Files/Pods-Instagram-CS2016Oct/Pods-Instagram-CS2016Oct.debug.xcconfig"; sourceTree = "<group>"; };
		C17F129F79451AE9D0F9FDB7 /* Pods_Instagram_CS2016Oct.framework */ = {isa = PBXFileReference; explicitFileType = wrapper.framework; includeInIndex = 0; path = Pods_Instagram_CS2016Oct.framework; sourceTree = BUILT_PRODUCTS_DIR; };
		DE2825FB8F0B8D82CF0CD87C /* Pods-Instagram-CS2016Oct.release.xcconfig */ = {isa = PBXFileReference; includeInIndex = 1; lastKnownFileType = text.xcconfig; name = "Pods-Instagram-CS2016Oct.release.xcconfig"; path = "Pods/Target Support Files/Pods-Instagram-CS2016Oct/Pods-Instagram-CS2016Oct.release.xcconfig"; sourceTree = "<group>"; };
/* End PBXFileReference section */

/* Begin PBXFrameworksBuildPhase section */
		99A0E9001DAE610B0070AC84 /* Frameworks */ = {
			isa = PBXFrameworksBuildPhase;
			buildActionMask = 2147483647;
			files = (
				40DCBFE72B72867E74B9515F /* Pods_Instagram_CS2016Oct.framework in Frameworks */,
			);
			runOnlyForDeploymentPostprocessing = 0;
		};
/* End PBXFrameworksBuildPhase section */

/* Begin PBXGroup section */
		296A79E9D2D063003C5D3E55 /* Frameworks */ = {
			isa = PBXGroup;
			children = (
				C17F129F79451AE9D0F9FDB7 /* Pods_Instagram_CS2016Oct.framework */,
			);
			name = Frameworks;
			sourceTree = "<group>";
		};
		53D21D383460905353FAD1CF /* Pods */ = {
			isa = PBXGroup;
			children = (
				A2EEA338E82D32BE42CB1538 /* Pods-Instagram-CS2016Oct.debug.xcconfig */,
				DE2825FB8F0B8D82CF0CD87C /* Pods-Instagram-CS2016Oct.release.xcconfig */,
			);
			name = Pods;
			sourceTree = "<group>";
		};
		99A0E8FA1DAE610B0070AC84 = {
			isa = PBXGroup;
			children = (
				99A0E9051DAE610B0070AC84 /* Instagram-CS2016Oct */,
				99A0E9041DAE610B0070AC84 /* Products */,
				53D21D383460905353FAD1CF /* Pods */,
				296A79E9D2D063003C5D3E55 /* Frameworks */,
			);
			sourceTree = "<group>";
		};
		99A0E9041DAE610B0070AC84 /* Products */ = {
			isa = PBXGroup;
			children = (
				99A0E9031DAE610B0070AC84 /* Instagram-CS2016Oct.app */,
			);
			name = Products;
			sourceTree = "<group>";
		};
		99A0E9051DAE610B0070AC84 /* Instagram-CS2016Oct */ = {
			isa = PBXGroup;
			children = (
				99A0E9061DAE610B0070AC84 /* AppDelegate.swift */,
				99A0E9081DAE610B0070AC84 /* ViewController.swift */,
				99A0E90A1DAE610B0070AC84 /* Main.storyboard */,
				99A0E90D1DAE610B0070AC84 /* Assets.xcassets */,
				99A0E90F1DAE610B0070AC84 /* LaunchScreen.storyboard */,
				99A0E9121DAE610B0070AC84 /* Info.plist */,
			);
			path = "Instagram-CS2016Oct";
			sourceTree = "<group>";
		};
/* End PBXGroup section */

/* Begin PBXNativeTarget section */
		99A0E9021DAE610B0070AC84 /* Instagram-CS2016Oct */ = {
			isa = PBXNativeTarget;
			buildConfigurationList = 99A0E9151DAE610B0070AC84 /* Build configuration list for PBXNativeTarget "Instagram-CS2016Oct" */;
			buildPhases = (
				ACAB95F17AB86F5F49996022 /* [CP] Check Pods Manifest.lock */,
				99A0E8FF1DAE610B0070AC84 /* Sources */,
				99A0E9001DAE610B0070AC84 /* Frameworks */,
				99A0E9011DAE610B0070AC84 /* Resources */,
				F3619FBD36154120B580B1F0 /* [CP] Embed Pods Frameworks */,
				961BA83F308B51DE5FA9F976 /* [CP] Copy Pods Resources */,
			);
			buildRules = (
			);
			dependencies = (
			);
			name = "Instagram-CS2016Oct";
			productName = "Instagram-CS2016Oct";
			productReference = 99A0E9031DAE610B0070AC84 /* Instagram-CS2016Oct.app */;
			productType = "com.apple.product-type.application";
		};
/* End PBXNativeTarget section */

/* Begin PBXProject section */
		99A0E8FB1DAE610B0070AC84 /* Project object */ = {
			isa = PBXProject;
			attributes = {
				LastSwiftUpdateCheck = 0800;
				LastUpgradeCheck = 0800;
				ORGANIZATIONNAME = coderschool;
				TargetAttributes = {
					99A0E9021DAE610B0070AC84 = {
						CreatedOnToolsVersion = 8.0;
						ProvisioningStyle = Automatic;
					};
				};
			};
			buildConfigurationList = 99A0E8FE1DAE610B0070AC84 /* Build configuration list for PBXProject "Instagram-CS2016Oct" */;
			compatibilityVersion = "Xcode 3.2";
			developmentRegion = English;
			hasScannedForEncodings = 0;
			knownRegions = (
				en,
				Base,
			);
			mainGroup = 99A0E8FA1DAE610B0070AC84;
			productRefGroup = 99A0E9041DAE610B0070AC84 /* Products */;
			projectDirPath = "";
			projectRoot = "";
			targets = (
				99A0E9021DAE610B0070AC84 /* Instagram-CS2016Oct */,
			);
		};
/* End PBXProject section */

/* Begin PBXResourcesBuildPhase section */
		99A0E9011DAE610B0070AC84 /* Resources */ = {
			isa = PBXResourcesBuildPhase;
			buildActionMask = 2147483647;
			files = (
				99A0E9111DAE610B0070AC84 /* LaunchScreen.storyboard in Resources */,
				99A0E90E1DAE610B0070AC84 /* Assets.xcassets in Resources */,
				99A0E90C1DAE610B0070AC84 /* Main.storyboard in Resources */,
			);
			runOnlyForDeploymentPostprocessing = 0;
		};
/* End PBXResourcesBuildPhase section */

/* Begin PBXShellScriptBuildPhase section */
		961BA83F308B51DE5FA9F976 /* [CP] Copy Pods Resources */ = {
			isa = PBXShellScriptBuildPhase;
			buildActionMask = 2147483647;
			files = (
			);
			inputPaths = (
			);
			name = "[CP] Copy Pods Resources";
			outputPaths = (
			);
			runOnlyForDeploymentPostprocessing = 0;
			shellPath = /bin/sh;
			shellScript = "\"${SRCROOT}/Pods/Target Support Files/Pods-Instagram-CS2016Oct/Pods-Instagram-CS2016Oct-resources.sh\"\n";
			showEnvVarsInLog = 0;
		};
		ACAB95F17AB86F5F49996022 /* [CP] Check Pods Manifest.lock */ = {
			isa = PBXShellScriptBuildPhase;
			buildActionMask = 2147483647;
			files = (
			);
			inputPaths = (
			);
			name = "[CP] Check Pods Manifest.lock";
			outputPaths = (
			);
			runOnlyForDeploymentPostprocessing = 0;
			shellPath = /bin/sh;
			shellScript = "diff \"${PODS_ROOT}/../Podfile.lock\" \"${PODS_ROOT}/Manifest.lock\" > /dev/null\nif [ $? != 0 ] ; then\n    # print error to STDERR\n    echo \"error: The sandbox is not in sync with the Podfile.lock. Run 'pod install' or update your CocoaPods installation.\" >&2\n    exit 1\nfi\n";
			showEnvVarsInLog = 0;
		};
		F3619FBD36154120B580B1F0 /* [CP] Embed Pods Frameworks */ = {
			isa = PBXShellScriptBuildPhase;
			buildActionMask = 2147483647;
			files = (
			);
			inputPaths = (
			);
			name = "[CP] Embed Pods Frameworks";
			outputPaths = (
			);
			runOnlyForDeploymentPostprocessing = 0;
			shellPath = /bin/sh;
			shellScript = "\"${SRCROOT}/Pods/Target Support Files/Pods-Instagram-CS2016Oct/Pods-Instagram-CS2016Oct-frameworks.sh\"\n";
			showEnvVarsInLog = 0;
		};
/* End PBXShellScriptBuildPhase section */

/* Begin PBXSourcesBuildPhase section */
		99A0E8FF1DAE610B0070AC84 /* Sources */ = {
			isa = PBXSourcesBuildPhase;
			buildActionMask = 2147483647;
			files = (
				99A0E9091DAE610B0070AC84 /* ViewController.swift in Sources */,
				99A0E9071DAE610B0070AC84 /* AppDelegate.swift in Sources */,
			);
			runOnlyForDeploymentPostprocessing = 0;
		};
/* End PBXSourcesBuildPhase section */

/* Begin PBXVariantGroup section */
		99A0E90A1DAE610B0070AC84 /* Main.storyboard */ = {
			isa = PBXVariantGroup;
			children = (
				99A0E90B1DAE610B0070AC84 /* Base */,
			);
			name = Main.storyboard;
			sourceTree = "<group>";
		};
		99A0E90F1DAE610B0070AC84 /* LaunchScreen.storyboard */ = {
			isa = PBXVariantGroup;
			children = (
				99A0E9101DAE610B0070AC84 /* Base */,
			);
			name = LaunchScreen.storyboard;
			sourceTree = "<group>";
		};
/* End PBXVariantGroup section */

/* Begin XCBuildConfiguration section */
		99A0E9131DAE610B0070AC84 /* Debug */ = {
			isa = XCBuildConfiguration;
			buildSettings = {
				ALWAYS_SEARCH_USER_PATHS = NO;
				CLANG_ANALYZER_NONNULL = YES;
				CLANG_CXX_LANGUAGE_STANDARD = "gnu++0x";
				CLANG_CXX_LIBRARY = "libc++";
				CLANG_ENABLE_MODULES = YES;
				CLANG_ENABLE_OBJC_ARC = YES;
				CLANG_WARN_BOOL_CONVERSION = YES;
				CLANG_WARN_CONSTANT_CONVERSION = YES;
				CLANG_WARN_DIRECT_OBJC_ISA_USAGE = YES_ERROR;
				CLANG_WARN_DOCUMENTATION_COMMENTS = YES;
				CLANG_WARN_EMPTY_BODY = YES;
				CLANG_WARN_ENUM_CONVERSION = YES;
				CLANG_WARN_INFINITE_RECURSION = YES;
				CLANG_WARN_INT_CONVERSION = YES;
				CLANG_WARN_OBJC_ROOT_CLASS = YES_ERROR;
				CLANG_WARN_SUSPICIOUS_MOVES = YES;
				CLANG_WARN_UNREACHABLE_CODE = YES;
				CLANG_WARN__DUPLICATE_METHOD_MATCH = YES;
				"CODE_SIGN_IDENTITY[sdk=iphoneos*]" = "iPhone Developer";
				COPY_PHASE_STRIP = NO;
				DEBUG_INFORMATION_FORMAT = dwarf;
				ENABLE_STRICT_OBJC_MSGSEND = YES;
				ENABLE_TESTABILITY = YES;
				GCC_C_LANGUAGE_STANDARD = gnu99;
				GCC_DYNAMIC_NO_PIC = NO;
				GCC_NO_COMMON_BLOCKS = YES;
				GCC_OPTIMIZATION_LEVEL = 0;
				GCC_PREPROCESSOR_DEFINITIONS = (
					"DEBUG=1",
					"$(inherited)",
				);
				GCC_WARN_64_TO_32_BIT_CONVERSION = YES;
				GCC_WARN_ABOUT_RETURN_TYPE = YES_ERROR;
				GCC_WARN_UNDECLARED_SELECTOR = YES;
				GCC_WARN_UNINITIALIZED_AUTOS = YES_AGGRESSIVE;
				GCC_WARN_UNUSED_FUNCTION = YES;
				GCC_WARN_UNUSED_VARIABLE = YES;
				IPHONEOS_DEPLOYMENT_TARGET = 10.0;
				MTL_ENABLE_DEBUG_INFO = YES;
				ONLY_ACTIVE_ARCH = YES;
				SDKROOT = iphoneos;
				SWIFT_ACTIVE_COMPILATION_CONDITIONS = DEBUG;
				SWIFT_OPTIMIZATION_LEVEL = "-Onone";
			};
			name = Debug;
		};
		99A0E9141DAE610B0070AC84 /* Release */ = {
			isa = XCBuildConfiguration;
			buildSettings = {
				ALWAYS_SEARCH_USER_PATHS = NO;
				CLANG_ANALYZER_NONNULL = YES;
				CLANG_CXX_LANGUAGE_STANDARD = "gnu++0x";
				CLANG_CXX_LIBRARY = "libc++";
				CLANG_ENABLE_MODULES = YES;
				CLANG_ENABLE_OBJC_ARC = YES;
				CLANG_WARN_BOOL_CONVERSION = YES;
				CLANG_WARN_CONSTANT_CONVERSION = YES;
				CLANG_WARN_DIRECT_OBJC_ISA_USAGE = YES_ERROR;
				CLANG_WARN_DOCUMENTATION_COMMENTS = YES;
				CLANG_WARN_EMPTY_BODY = YES;
				CLANG_WARN_ENUM_CONVERSION = YES;
				CLANG_WARN_INFINITE_RECURSION = YES;
				CLANG_WARN_INT_CONVERSION = YES;
				CLANG_WARN_OBJC_ROOT_CLASS = YES_ERROR;
				CLANG_WARN_SUSPICIOUS_MOVES = YES;
				CLANG_WARN_UNREACHABLE_CODE = YES;
				CLANG_WARN__DUPLICATE_METHOD_MATCH = YES;
				"CODE_SIGN_IDENTITY[sdk=iphoneos*]" = "iPhone Developer";
				COPY_PHASE_STRIP = NO;
				DEBUG_INFORMATION_FORMAT = "dwarf-with-dsym";
				ENABLE_NS_ASSERTIONS = NO;
				ENABLE_STRICT_OBJC_MSGSEND = YES;
				GCC_C_LANGUAGE_STANDARD = gnu99;
				GCC_NO_COMMON_BLOCKS = YES;
				GCC_WARN_64_TO_32_BIT_CONVERSION = YES;
				GCC_WARN_ABOUT_RETURN_TYPE = YES_ERROR;
				GCC_WARN_UNDECLARED_SELECTOR = YES;
				GCC_WARN_UNINITIALIZED_AUTOS = YES_AGGRESSIVE;
				GCC_WARN_UNUSED_FUNCTION = YES;
				GCC_WARN_UNUSED_VARIABLE = YES;
				IPHONEOS_DEPLOYMENT_TARGET = 10.0;
				MTL_ENABLE_DEBUG_INFO = NO;
				SDKROOT = iphoneos;
				SWIFT_OPTIMIZATION_LEVEL = "-Owholemodule";
				VALIDATE_PRODUCT = YES;
			};
			name = Release;
		};
		99A0E9161DAE610B0070AC84 /* Debug */ = {
			isa = XCBuildConfiguration;
			baseConfigurationReference = A2EEA338E82D32BE42CB1538 /* Pods-Instagram-CS2016Oct.debug.xcconfig */;
			buildSettings = {
				ASSETCATALOG_COMPILER_APPICON_NAME = AppIcon;
				INFOPLIST_FILE = "Instagram-CS2016Oct/Info.plist";
				LD_RUNPATH_SEARCH_PATHS = "$(inherited) @executable_path/Frameworks";
				PRODUCT_BUNDLE_IDENTIFIER = "vn.coderschool.Instagram-CS2016Oct";
				PRODUCT_NAME = "$(TARGET_NAME)";
				SWIFT_VERSION = 3.0;
			};
			name = Debug;
		};
		99A0E9171DAE610B0070AC84 /* Release */ = {
			isa = XCBuildConfiguration;
			baseConfigurationReference = DE2825FB8F0B8D82CF0CD87C /* Pods-Instagram-CS2016Oct.release.xcconfig */;
			buildSettings = {
				ASSETCATALOG_COMPILER_APPICON_NAME = AppIcon;
				INFOPLIST_FILE = "Instagram-CS2016Oct/Info.plist";
				LD_RUNPATH_SEARCH_PATHS = "$(inherited) @executable_path/Frameworks";
				PRODUCT_BUNDLE_IDENTIFIER = "vn.coderschool.Instagram-CS2016Oct";
				PRODUCT_NAME = "$(TARGET_NAME)";
				SWIFT_VERSION = 3.0;
			};
			name = Release;
		};
/* End XCBuildConfiguration section */

/* Begin XCConfigurationList section */
		99A0E8FE1DAE610B0070AC84 /* Build configuration list for PBXProject "Instagram-CS2016Oct" */ = {
			isa = XCConfigurationList;
			buildConfigurations = (
				99A0E9131DAE610B0070AC84 /* Debug */,
				99A0E9141DAE610B0070AC84 /* Release */,
			);
			defaultConfigurationIsVisible = 0;
			defaultConfigurationName = Release;
		};
		99A0E9151DAE610B0070AC84 /* Build configuration list for PBXNativeTarget "Instagram-CS2016Oct" */ = {
			isa = XCConfigurationList;
			buildConfigurations = (
				99A0E9161DAE610B0070AC84 /* Debug */,
				99A0E9171DAE610B0070AC84 /* Release */,
			);
			defaultConfigurationIsVisible = 0;
			defaultConfigurationName = Release;
		};
/* End XCConfigurationList section */
	};
	rootObject = 99A0E8FB1DAE610B0070AC84 /* Project object */;
}
